{
    "_meta": {
        "hash": {
            "sha256": "5b68047d23ef6f2a5ba60f625ba82e23d236449f9438888b42d9c1180cfd1ee7"
        },
        "pipfile-spec": 6,
        "requires": {
            "python_version": "3.9"
        },
        "sources": [
            {
                "name": "pypi",
                "url": "https://pypi.org/simple",
                "verify_ssl": true
            }
        ]
    },
    "default": {
        "colorama": {
            "hashes": [
                "sha256:08695f5cb7ed6e0531a20572697297273c47b8cae5a63ffc6d6ed5c201be6e44",
                "sha256:4f1d9991f5acc0ca119f9d443620b77f9d6b33703e51011c16baf57afb285fc6"
            ],
            "index": "pypi",
            "version": "==0.4.6"
        },
        "pysmartdl": {
            "hashes": [
                "sha256:35275d1694f3474d33bdca93b27d3608265ffd42f5aeb28e56f38b906c0c35f4",
                "sha256:671c277ca710fb9b6603b19176f5c091041ec4ef6dcdb507c9a983a89ca35d31"
            ],
            "index": "pypi",
            "version": "==1.3.4"
        },
        "pytube": {
            "hashes": [
                "sha256:6de1f3a4cb125dd6ff912598c7e88a866325a63cc91755cae616f53c40ae5503",
                "sha256:c2e4b1ffdf9eca4c287f881557a6b4f98dd287ecfa06e2e5d5936d39c5f4d8da"
            ],
            "index": "pypi",
            "version": "==12.1.0"
        }
    },
    "develop": {}
}
